
Microsoft Visual Studio Solution File, Format Version 12.00
# Visual Studio 15
VisualStudioVersion = 15.0.28307.106
MinimumVisualStudioVersion = 10.0.40219.1
Project("{8BC9CEB8-8B4A-11D0-8D11-00A0C91BC942}") = "CommandPattern", "CommandPattern\CommandPattern.vcxproj", "{41C319F0-D7A5-4813-B358-7190774060A0}"
EndProject
Project("{8BC9CEB8-8B4A-11D0-8D11-00A0C91BC942}") = "LineOfSightDemo", "LineOfSightDemo\LineOfSightDemo.vcxproj", "{7D1318CA-4E95-486B-A29D-0D2545286007}"
EndProject
Project("{8BC9CEB8-8B4A-11D0-8D11-00A0C91BC942}") = "ConvexPolygonCollisionDemo", "ConvexPolygonCollisionDemo\ConvexPolygonCollisionDemo.vcxproj", "{FC12A131-1BCE-4C4B-ABC3-F49345985625}"
EndProject
Project("{8BC9CEB8-8B4A-11D0-8D11-00A0C91BC942}") = "MathSandbox", "MathSandbox\MathSandbox.vcxproj", "{7A623809-7364-4B81-8299-C2BBD230AB8D}"
EndProject
Global
	GlobalSection(SolutionConfigurationPlatforms) = preSolution
		Debug|x64 = Debug|x64
		Debug|x86 = Debug|x86
		Release|x64 = Release|x64
		Release|x86 = Release|x86
	EndGlobalSection
	GlobalSection(ProjectConfigurationPlatforms) = postSolution
		{41C319F0-D7A5-4813-B358-7190774060A0}.Debug|x64.ActiveCfg = Debug|x64
		{41C319F0-D7A5-4813-B358-7190774060A0}.Debug|x64.Build.0 = Debug|x64
		{41C319F0-D7A5-4813-B358-7190774060A0}.Debug|x86.ActiveCfg = Debug|Win32
		{41C319F0-D7A5-4813-B358-7190774060A0}.Debug|x86.Build.0 = Debug|Win32
		{41C319F0-D7A5-4813-B358-7190774060A0}.Release|x64.ActiveCfg = Release|x64
		{41C319F0-D7A5-4813-B358-7190774060A0}.Release|x64.Build.0 = Release|x64
		{41C319F0-D7A5-4813-B358-7190774060A0}.Release|x86.ActiveCfg = Release|Win32
		{41C319F0-D7A5-4813-B358-7190774060A0}.Release|x86.Build.0 = Release|Win32
		{7D1318CA-4E95-486B-A29D-0D2545286007}.Debug|x64.ActiveCfg = Debug|x64
		{7D1318CA-4E95-486B-A29D-0D2545286007}.Debug|x64.Build.0 = Debug|x64
		{7D1318CA-4E95-486B-A29D-0D2545286007}.Debug|x86.ActiveCfg = Debug|Win32
		{7D1318CA-4E95-486B-A29D-0D2545286007}.Debug|x86.Build.0 = Debug|Win32
		{7D1318CA-4E95-486B-A29D-0D2545286007}.Release|x64.ActiveCfg = Release|x64
		{7D1318CA-4E95-486B-A29D-0D2545286007}.Release|x64.Build.0 = Release|x64
		{7D1318CA-4E95-486B-A29D-0D2545286007}.Release|x86.ActiveCfg = Release|Win32
		{7D1318CA-4E95-486B-A29D-0D2545286007}.Release|x86.Build.0 = Release|Win32
		{FC12A131-1BCE-4C4B-ABC3-F49345985625}.Debug|x64.ActiveCfg = Debug|x64
		{FC12A131-1BCE-4C4B-ABC3-F49345985625}.Debug|x64.Build.0 = Debug|x64
		{FC12A131-1BCE-4C4B-ABC3-F49345985625}.Debug|x86.ActiveCfg = Debug|Win32
		{FC12A131-1BCE-4C4B-ABC3-F49345985625}.Debug|x86.Build.0 = Debug|Win32
		{FC12A131-1BCE-4C4B-ABC3-F49345985625}.Release|x64.ActiveCfg = Release|x64
		{FC12A131-1BCE-4C4B-ABC3-F49345985625}.Release|x64.Build.0 = Release|x64
		{FC12A131-1BCE-4C4B-ABC3-F49345985625}.Release|x86.ActiveCfg = Release|Win32
		{FC12A131-1BCE-4C4B-ABC3-F49345985625}.Release|x86.Build.0 = Release|Win32
		{7A623809-7364-4B81-8299-C2BBD230AB8D}.Debug|x64.ActiveCfg = Debug|x64
		{7A623809-7364-4B81-8299-C2BBD230AB8D}.Debug|x64.Build.0 = Debug|x64
		{7A623809-7364-4B81-8299-C2BBD230AB8D}.Debug|x86.ActiveCfg = Debug|Win32
		{7A623809-7364-4B81-8299-C2BBD230AB8D}.Debug|x86.Build.0 = Debug|Win32
		{7A623809-7364-4B81-8299-C2BBD230AB8D}.Release|x64.ActiveCfg = Release|x64
		{7A623809-7364-4B81-8299-C2BBD230AB8D}.Release|x64.Build.0 = Release|x64
		{7A623809-7364-4B81-8299-C2BBD230AB8D}.Release|x86.ActiveCfg = Release|Win32
		{7A623809-7364-4B81-8299-C2BBD230AB8D}.Release|x86.Build.0 = Release|Win32
	EndGlobalSection
	GlobalSection(SolutionProperties) = preSolution
		HideSolutionNode = FALSE
	EndGlobalSection
	GlobalSection(ExtensibilityGlobals) = postSolution
		SolutionGuid = {2A963010-67EA-4852-92C6-02C7AB95312A}
	EndGlobalSection
EndGlobal
